
Microsoft Visual Studio Solution File, Format Version 12.00
# Visual Studio 2012
# Clarion 2.1.0.2447
Project("{12B76EC0-1D7B-4FA7-A7D0-C524288B48A1}") = "QRCodeGenerate", "QRCodeGenerate.cwproj", "{1FF91AB3-9FA5-4343-995B-50BB4557CB33}"
EndProject
Global
	GlobalSection(SolutionConfigurationPlatforms) = preSolution
		Debug|Win32 = Debug|Win32
		Release|Win32 = Release|Win32
	EndGlobalSection
	GlobalSection(ProjectConfigurationPlatforms) = postSolution
		{1FF91AB3-9FA5-4343-995B-50BB4557CB33}.Debug|Win32.Build.0 = Debug|Win32
		{1FF91AB3-9FA5-4343-995B-50BB4557CB33}.Debug|Win32.ActiveCfg = Debug|Win32
		{1FF91AB3-9FA5-4343-995B-50BB4557CB33}.Release|Win32.Build.0 = Release|Win32
		{1FF91AB3-9FA5-4343-995B-50BB4557CB33}.Release|Win32.ActiveCfg = Release|Win32
	EndGlobalSection
EndGlobal
