
Microsoft Visual Studio Solution File, Format Version 12.00
# Visual Studio 2012
# Clarion 2.1.0.2447
Project("{12B76EC0-1D7B-4FA7-A7D0-C524288B48A1}") = "qrcoder10", "qrcoder10.cwproj", "{283CD6A7-ABA2-45DE-8038-09AA8A314F12}"
EndProject
Project("{2150E333-8FDC-42A3-9474-1A3956D46DE8}") = "Solution Items", "Solution Items", "{{2150E333-8FDC-42A3-9474-1A3956D46DE8}}"
	ProjectSection(SolutionItems) = postProject
		qrcoder10.app = qrcoder10.app
	EndProjectSection
EndProject
Global
	GlobalSection(SolutionConfigurationPlatforms) = preSolution
		Debug|Win32 = Debug|Win32
		Release|Win32 = Release|Win32
	EndGlobalSection
	GlobalSection(ProjectConfigurationPlatforms) = postSolution
		{283CD6A7-ABA2-45DE-8038-09AA8A314F12}.Debug|Win32.Build.0 = Debug|Win32
		{283CD6A7-ABA2-45DE-8038-09AA8A314F12}.Debug|Win32.ActiveCfg = Debug|Win32
		{283CD6A7-ABA2-45DE-8038-09AA8A314F12}.Release|Win32.Build.0 = Release|Win32
		{283CD6A7-ABA2-45DE-8038-09AA8A314F12}.Release|Win32.ActiveCfg = Release|Win32
	EndGlobalSection
EndGlobal
